
Microsoft Visual Studio Solution File, Format Version 12.00
# Visual Studio Version 16
VisualStudioVersion = 16.0.31911.196
MinimumVisualStudioVersion = 10.0.40219.1
Project("{FAE04EC0-301F-11D3-BF4B-00C04F79EFBC}") = "ParallelExample", "ParallelExample\ParallelExample.csproj", "{026C0FD8-A3EC-4EDC-83D9-33FE0ADC7E44}"
EndProject
Global
	GlobalSection(SolutionConfigurationPlatforms) = preSolution
		Debug|Any CPU = Debug|Any CPU
		Release|Any CPU = Release|Any CPU
	EndGlobalSection
	GlobalSection(ProjectConfigurationPlatforms) = postSolution
		{026C0FD8-A3EC-4EDC-83D9-33FE0ADC7E44}.Debug|Any CPU.ActiveCfg = Debug|Any CPU
		{026C0FD8-A3EC-4EDC-83D9-33FE0ADC7E44}.Debug|Any CPU.Build.0 = Debug|Any CPU
		{026C0FD8-A3EC-4EDC-83D9-33FE0ADC7E44}.Release|Any CPU.ActiveCfg = Release|Any CPU
		{026C0FD8-A3EC-4EDC-83D9-33FE0ADC7E44}.Release|Any CPU.Build.0 = Release|Any CPU
	EndGlobalSection
	GlobalSection(SolutionProperties) = preSolution
		HideSolutionNode = FALSE
	EndGlobalSection
	GlobalSection(ExtensibilityGlobals) = postSolution
		SolutionGuid = {1552FFE1-ECAF-4400-A096-900E52AA3771}
	EndGlobalSection
EndGlobal
